
Microsoft Visual Studio Solution File, Format Version 12.00
# Visual Studio 15
Project("{FAE04EC0-301F-11D3-BF4B-00C04F79EFBC}") = "HereIAmLordAPIAccount", "HereIAmLordAPI\HereIAmLordAPIAccount.csproj", "{E9C8A7C9-76DE-4B43-B4AD-2FCFF72CABCE}"
EndProject
Project("{2150E333-8FDC-42A3-9474-1A3956D46DE8}") = "Services", "Services", "{D546F217-7F36-4D8E-8615-9CEE6312FA5F}"
EndProject
Project("{2150E333-8FDC-42A3-9474-1A3956D46DE8}") = "BuildingBlocks", "BuildingBlocks", "{DCB24AD7-F0B6-47F3-A601-877DB26421D8}"
EndProject
Project("{2150E333-8FDC-42A3-9474-1A3956D46DE8}") = "WebHost.Customization", "WebHost.Customization", "{899DA499-0419-4A2A-83A5-76559C60B775}"
EndProject
Project("{2150E333-8FDC-42A3-9474-1A3956D46DE8}") = "EventBus", "EventBus", "{BE2F89BD-AB6C-43F4-9A3D-DFE9AED7A306}"
EndProject
Project("{2150E333-8FDC-42A3-9474-1A3956D46DE8}") = "Identity", "Identity", "{A0836280-42B1-48A7-9CE1-AE298E596663}"
EndProject
Project("{FAE04EC0-301F-11D3-BF4B-00C04F79EFBC}") = "WebHost.Customization", "WebHost.Customization\WebHost.Customization.csproj", "{203C0B39-D9E9-47B3-B15E-A88E2974AC6A}"
EndProject
Global
	GlobalSection(SolutionConfigurationPlatforms) = preSolution
		Debug|Any CPU = Debug|Any CPU
		Release|Any CPU = Release|Any CPU
	EndGlobalSection
	GlobalSection(ProjectConfigurationPlatforms) = postSolution
		{E9C8A7C9-76DE-4B43-B4AD-2FCFF72CABCE}.Debug|Any CPU.ActiveCfg = Debug|Any CPU
		{E9C8A7C9-76DE-4B43-B4AD-2FCFF72CABCE}.Debug|Any CPU.Build.0 = Debug|Any CPU
		{E9C8A7C9-76DE-4B43-B4AD-2FCFF72CABCE}.Release|Any CPU.ActiveCfg = Release|Any CPU
		{E9C8A7C9-76DE-4B43-B4AD-2FCFF72CABCE}.Release|Any CPU.Build.0 = Release|Any CPU
		{203C0B39-D9E9-47B3-B15E-A88E2974AC6A}.Debug|Any CPU.ActiveCfg = Debug|Any CPU
		{203C0B39-D9E9-47B3-B15E-A88E2974AC6A}.Debug|Any CPU.Build.0 = Debug|Any CPU
		{203C0B39-D9E9-47B3-B15E-A88E2974AC6A}.Release|Any CPU.ActiveCfg = Release|Any CPU
		{203C0B39-D9E9-47B3-B15E-A88E2974AC6A}.Release|Any CPU.Build.0 = Release|Any CPU
	EndGlobalSection
	GlobalSection(NestedProjects) = preSolution
		{E9C8A7C9-76DE-4B43-B4AD-2FCFF72CABCE} = {A0836280-42B1-48A7-9CE1-AE298E596663}
		{899DA499-0419-4A2A-83A5-76559C60B775} = {DCB24AD7-F0B6-47F3-A601-877DB26421D8}
		{BE2F89BD-AB6C-43F4-9A3D-DFE9AED7A306} = {DCB24AD7-F0B6-47F3-A601-877DB26421D8}
		{A0836280-42B1-48A7-9CE1-AE298E596663} = {D546F217-7F36-4D8E-8615-9CEE6312FA5F}
		{203C0B39-D9E9-47B3-B15E-A88E2974AC6A} = {899DA499-0419-4A2A-83A5-76559C60B775}
	EndGlobalSection
EndGlobal
